
Microsoft Visual Studio Solution File, Format Version 12.00
# Visual Studio Version 17
VisualStudioVersion = 17.0.31903.59
MinimumVisualStudioVersion = 10.0.40219.1
Project("{9A19103F-16F7-4668-BE54-9A1E7A4F7556}") = "ContactManager.CoreLibrary", "ContactManager.CoreLibrary.csproj", "{E730382F-9CCA-4624-BB36-0D3C16D3B9DD}"
EndProject
Global
	GlobalSection(SolutionConfigurationPlatforms) = preSolution
		Debug|Any CPU = Debug|Any CPU
		Release|Any CPU = Release|Any CPU
	EndGlobalSection
	GlobalSection(ProjectConfigurationPlatforms) = postSolution
		{E730382F-9CCA-4624-BB36-0D3C16D3B9DD}.Debug|Any CPU.ActiveCfg = Debug|Any CPU
		{E730382F-9CCA-4624-BB36-0D3C16D3B9DD}.Debug|Any CPU.Build.0 = Debug|Any CPU
		{E730382F-9CCA-4624-BB36-0D3C16D3B9DD}.Release|Any CPU.ActiveCfg = Release|Any CPU
		{E730382F-9CCA-4624-BB36-0D3C16D3B9DD}.Release|Any CPU.Build.0 = Release|Any CPU
	EndGlobalSection
	GlobalSection(SolutionProperties) = preSolution
		HideSolutionNode = FALSE
	EndGlobalSection
	GlobalSection(ExtensibilityGlobals) = postSolution
		SolutionGuid = {9E8B97DA-5845-4DD3-9466-C8E6385D8731}
	EndGlobalSection
EndGlobal
